<?xml version="1.0" encoding="utf-8"?>
<Project ToolsVersion="4.0" xmlns="http://schemas.microsoft.com/developer/msbuild/2003">
  <ItemGroup>
    <Filter Include="Source Files">
      <UniqueIdentifier>{4FC737F1-C7A5-4376-A066-2A32D752A2FF}</UniqueIdentifier>
      <Extensions>cpp;c;cc;cxx;c++;cppm;ixx;def;odl;idl;hpj;bat;asm;asmx</Extensions>
    </Filter>
    <Filter Include="Header Files">
      <UniqueIdentifier>{93995380-89BD-4b04-88EB-625FBE52EBFB}</UniqueIdentifier>
      <Extensions>h;hh;hpp;hxx;h++;hm;inl;inc;ipp;xsd</Extensions>
    </Filter>
    <Filter Include="Resource Files">
      <UniqueIdentifier>{67DA6AB6-F800-4c08-8B7A-83BB121AAD01}</UniqueIdentifier>
      <Extensions>rc;ico;cur;bmp;dlg;rc2;rct;bin;rgs;gif;jpg;jpeg;jpe;resx;tiff;tif;png;wav;mfcribbon-ms</Extensions>
    </Filter>
    <Filter Include="Source Files\Martin">
      <UniqueIdentifier>{68c72f1c-4ca1-49ba-8e7a-842f289bfa8a}</UniqueIdentifier>
    </Filter>
    <Filter Include="Header Files\Martin">
      <UniqueIdentifier>{66e5ab3c-9c3c-43ea-b387-7933ef30d265}</UniqueIdentifier>
    </Filter>
    <Filter Include="Header Files\Trini">
      <UniqueIdentifier>{e8d6b0a3-eb06-495b-9e91-380524314596}</UniqueIdentifier>
    </Filter>
    <Filter Include="Source Files\Trini">
      <UniqueIdentifier>{02e728b3-721e-47cf-9049-da78dfab14a7}</UniqueIdentifier>
    </Filter>
  </ItemGroup>
  <ItemGroup>
    <ClInclude Include="interface.h">
      <Filter>Header Files</Filter>
    </ClInclude>
    <ClInclude Include="lcdError.h">
      <Filter>Header Files</Filter>
    </ClInclude>
    <ClInclude Include="DisplayFran.h">
      <Filter>Header Files</Filter>
    </ClInclude>
    <ClInclude Include="mzahnd\src\DisplayMartin.hpp">
      <Filter>Header Files\Martin</Filter>
    </ClInclude>
    <ClInclude Include="displayTest.h">
      <Filter>Header Files</Filter>
    </ClInclude>
    <ClInclude Include="displayTrini.h">
      <Filter>Header Files\Trini</Filter>
    </ClInclude>
  </ItemGroup>
  <ItemGroup>
    <ClCompile Include="DisplayFran.cpp">
      <Filter>Source Files</Filter>
    </ClCompile>
    <ClCompile Include="lcdError.cpp">
      <Filter>Source Files</Filter>
    </ClCompile>
    <ClCompile Include="main.cpp">
      <Filter>Source Files</Filter>
    </ClCompile>
    <ClCompile Include="mzahnd\src\DisplayMartin.cpp">
      <Filter>Source Files\Martin</Filter>
    </ClCompile>
    <ClCompile Include="displayTest.cpp">
      <Filter>Source Files</Filter>
    </ClCompile>
    <ClCompile Include="displayTrini.cpp">
      <Filter>Source Files\Trini</Filter>
    </ClCompile>
  </ItemGroup>
</Project>